
Microsoft Visual Studio Solution File, Format Version 12.00
# Visual Studio Version 17
VisualStudioVersion = 17.14.36915.13
MinimumVisualStudioVersion = 10.0.40219.1
Project("{FAE04EC0-301F-11D3-BF4B-00C04F79EFBC}") = "eBuyCars.Api", "BuyCars.Api\eBuyCars.Api.csproj", "{5F815037-AE4A-407E-BE8A-72C0BB6751C6}"
EndProject
Global
	GlobalSection(SolutionConfigurationPlatforms) = preSolution
		Debug|Any CPU = Debug|Any CPU
		Release|Any CPU = Release|Any CPU
	EndGlobalSection
	GlobalSection(ProjectConfigurationPlatforms) = postSolution
		{5F815037-AE4A-407E-BE8A-72C0BB6751C6}.Debug|Any CPU.ActiveCfg = Debug|Any CPU
		{5F815037-AE4A-407E-BE8A-72C0BB6751C6}.Debug|Any CPU.Build.0 = Debug|Any CPU
		{5F815037-AE4A-407E-BE8A-72C0BB6751C6}.Release|Any CPU.ActiveCfg = Release|Any CPU
		{5F815037-AE4A-407E-BE8A-72C0BB6751C6}.Release|Any CPU.Build.0 = Release|Any CPU
	EndGlobalSection
	GlobalSection(SolutionProperties) = preSolution
		HideSolutionNode = FALSE
	EndGlobalSection
	GlobalSection(ExtensibilityGlobals) = postSolution
		SolutionGuid = {70303E78-C364-402E-9EF5-612946F704F6}
	EndGlobalSection
EndGlobal
